// !$*UTF8*$!
{
	archiveVersion = 1;
	classes = {
	};
	objectVersion = 50;
	objects = {

/* Begin PBXBuildFile section */
		075E1F53224A4C5F003FDCBA /* AppDelegate.m in Sources */ = {isa = PBXBuildFile; fileRef = 075E1F52224A4C5F003FDCBA /* AppDelegate.m */; };
		075E1F56224A4C5F003FDCBA /* ViewController.m in Sources */ = {isa = PBXBuildFile; fileRef = 075E1F55224A4C5F003FDCBA /* ViewController.m */; };
		075E1F59224A4C5F003FDCBA /* Main.storyboard in Resources */ = {isa = PBXBuildFile; fileRef = 075E1F57224A4C5F003FDCBA /* Main.storyboard */; };
		075E1F5B224A4C61003FDCBA /* Assets.xcassets in Resources */ = {isa = PBXBuildFile; fileRef = 075E1F5A224A4C61003FDCBA /* Assets.xcassets */; };
		075E1F5E224A4C61003FDCBA /* LaunchScreen.storyboard in Resources */ = {isa = PBXBuildFile; fileRef = 075E1F5C224A4C61003FDCBA /* LaunchScreen.storyboard */; };
		075E1F61224A4C61003FDCBA /* main.m in Sources */ = {isa = PBXBuildFile; fileRef = 075E1F60224A4C61003FDCBA /* main.m */; };
		075E1F68224A4C9A003FDCBA /* Podfile in Resources */ = {isa = PBXBuildFile; fileRef = 075E1F67224A4C9A003FDCBA /* Podfile */; };
		2F85639F389E293CA743CB4B /* libPods-001--RAC基本使用.a in Frameworks */ = {isa = PBXBuildFile; fileRef = 87AEDAC518378E5B43BCFB04 /* libPods-001--RAC基本使用.a */; };
/* End PBXBuildFile section */

/* Begin PBXFileReference section */
		075E1F4E224A4C5F003FDCBA /* 001--RAC基本使用.app */ = {isa = PBXFileReference; explicitFileType = wrapper.application; includeInIndex = 0; path = "001--RAC基本使用.app"; sourceTree = BUILT_PRODUCTS_DIR; };
		075E1F51224A4C5F003FDCBA /* AppDelegate.h */ = {isa = PBXFileReference; lastKnownFileType = sourcecode.c.h; path = AppDelegate.h; sourceTree = "<group>"; };
		075E1F52224A4C5F003FDCBA /* AppDelegate.m */ = {isa = PBXFileReference; lastKnownFileType = sourcecode.c.objc; path = AppDelegate.m; sourceTree = "<group>"; };
		075E1F54224A4C5F003FDCBA /* ViewController.h */ = {isa = PBXFileReference; lastKnownFileType = sourcecode.c.h; path = ViewController.h; sourceTree = "<group>"; };
		075E1F55224A4C5F003FDCBA /* ViewController.m */ = {isa = PBXFileReference; lastKnownFileType = sourcecode.c.objc; path = ViewController.m; sourceTree = "<group>"; };
		075E1F58224A4C5F003FDCBA /* Base */ = {isa = PBXFileReference; lastKnownFileType = file.storyboard; name = Base; path = Base.lproj/Main.storyboard; sourceTree = "<group>"; };
		075E1F5A224A4C61003FDCBA /* Assets.xcassets */ = {isa = PBXFileReference; lastKnownFileType = folder.assetcatalog; path = Assets.xcassets; sourceTree = "<group>"; };
		075E1F5D224A4C61003FDCBA /* Base */ = {isa = PBXFileReference; lastKnownFileType = file.storyboard; name = Base; path = Base.lproj/LaunchScreen.storyboard; sourceTree = "<group>"; };
		075E1F5F224A4C61003FDCBA /* Info.plist */ = {isa = PBXFileReference; lastKnownFileType = text.plist.xml; path = Info.plist; sourceTree = "<group>"; };
		075E1F60224A4C61003FDCBA /* main.m */ = {isa = PBXFileReference; lastKnownFileType = sourcecode.c.objc; path = main.m; sourceTree = "<group>"; };
		075E1F67224A4C9A003FDCBA /* Podfile */ = {isa = PBXFileReference; fileEncoding = 4; lastKnownFileType = text; path = Podfile; sourceTree = "<group>"; };
		7DEAF25C848608060DF0C4B9 /* Pods-001--RAC基本使用.release.xcconfig */ = {isa = PBXFileReference; includeInIndex = 1; lastKnownFileType = text.xcconfig; name = "Pods-001--RAC基本使用.release.xcconfig"; path = "Pods/Target Support Files/Pods-001--RAC基本使用/Pods-001--RAC基本使用.release.xcconfig"; sourceTree = "<group>"; };
		87AEDAC518378E5B43BCFB04 /* libPods-001--RAC基本使用.a */ = {isa = PBXFileReference; explicitFileType = archive.ar; includeInIndex = 0; path = "libPods-001--RAC基本使用.a"; sourceTree = BUILT_PRODUCTS_DIR; };
		EC2F9A7891AC07BF7A708C2D /* Pods-001--RAC基本使用.debug.xcconfig */ = {isa = PBXFileReference; includeInIndex = 1; lastKnownFileType = text.xcconfig; name = "Pods-001--RAC基本使用.debug.xcconfig"; path = "Pods/Target Support Files/Pods-001--RAC基本使用/Pods-001--RAC基本使用.debug.xcconfig"; sourceTree = "<group>"; };
/* End PBXFileReference section */

/* Begin PBXFrameworksBuildPhase section */
		075E1F4B224A4C5F003FDCBA /* Frameworks */ = {
			isa = PBXFrameworksBuildPhase;
			buildActionMask = 2147483647;
			files = (
				2F85639F389E293CA743CB4B /* libPods-001--RAC基本使用.a in Frameworks */,
			);
			runOnlyForDeploymentPostprocessing = 0;
		};
/* End PBXFrameworksBuildPhase section */

/* Begin PBXGroup section */
		075E1F45224A4C5F003FDCBA = {
			isa = PBXGroup;
			children = (
				075E1F67224A4C9A003FDCBA /* Podfile */,
				075E1F50224A4C5F003FDCBA /* 001--RAC基本使用 */,
				075E1F4F224A4C5F003FDCBA /* Products */,
				6C8966FB4996F53EC51CD45B /* Pods */,
				BDA4A66D16D63F6345BCE402 /* Frameworks */,
			);
			sourceTree = "<group>";
		};
		075E1F4F224A4C5F003FDCBA /* Products */ = {
			isa = PBXGroup;
			children = (
				075E1F4E224A4C5F003FDCBA /* 001--RAC基本使用.app */,
			);
			name = Products;
			sourceTree = "<group>";
		};
		075E1F50224A4C5F003FDCBA /* 001--RAC基本使用 */ = {
			isa = PBXGroup;
			children = (
				075E1F51224A4C5F003FDCBA /* AppDelegate.h */,
				075E1F52224A4C5F003FDCBA /* AppDelegate.m */,
				075E1F54224A4C5F003FDCBA /* ViewController.h */,
				075E1F55224A4C5F003FDCBA /* ViewController.m */,
				075E1F57224A4C5F003FDCBA /* Main.storyboard */,
				075E1F5A224A4C61003FDCBA /* Assets.xcassets */,
				075E1F5C224A4C61003FDCBA /* LaunchScreen.storyboard */,
				075E1F5F224A4C61003FDCBA /* Info.plist */,
				075E1F60224A4C61003FDCBA /* main.m */,
			);
			path = "001--RAC基本使用";
			sourceTree = "<group>";
		};
		6C8966FB4996F53EC51CD45B /* Pods */ = {
			isa = PBXGroup;
			children = (
				EC2F9A7891AC07BF7A708C2D /* Pods-001--RAC基本使用.debug.xcconfig */,
				7DEAF25C848608060DF0C4B9 /* Pods-001--RAC基本使用.release.xcconfig */,
			);
			name = Pods;
			sourceTree = "<group>";
		};
		BDA4A66D16D63F6345BCE402 /* Frameworks */ = {
			isa = PBXGroup;
			children = (
				87AEDAC518378E5B43BCFB04 /* libPods-001--RAC基本使用.a */,
			);
			name = Frameworks;
			sourceTree = "<group>";
		};
/* End PBXGroup section */

/* Begin PBXNativeTarget section */
		075E1F4D224A4C5F003FDCBA /* 001--RAC基本使用 */ = {
			isa = PBXNativeTarget;
			buildConfigurationList = 075E1F64224A4C62003FDCBA /* Build configuration list for PBXNativeTarget "001--RAC基本使用" */;
			buildPhases = (
				41EF5F5C01AF33CB22A67060 /* [CP] Check Pods Manifest.lock */,
				075E1F4A224A4C5F003FDCBA /* Sources */,
				075E1F4B224A4C5F003FDCBA /* Frameworks */,
				075E1F4C224A4C5F003FDCBA /* Resources */,
			);
			buildRules = (
			);
			dependencies = (
			);
			name = "001--RAC基本使用";
			productName = "001--RAC基本使用";
			productReference = 075E1F4E224A4C5F003FDCBA /* 001--RAC基本使用.app */;
			productType = "com.apple.product-type.application";
		};
/* End PBXNativeTarget section */

/* Begin PBXProject section */
		075E1F46224A4C5F003FDCBA /* Project object */ = {
			isa = PBXProject;
			attributes = {
				LastUpgradeCheck = 1000;
				ORGANIZATIONNAME = LogicEDU;
				TargetAttributes = {
					075E1F4D224A4C5F003FDCBA = {
						CreatedOnToolsVersion = 10.0;
					};
				};
			};
			buildConfigurationList = 075E1F49224A4C5F003FDCBA /* Build configuration list for PBXProject "001--RAC基本使用" */;
			compatibilityVersion = "Xcode 9.3";
			developmentRegion = en;
			hasScannedForEncodings = 0;
			knownRegions = (
				en,
				Base,
			);
			mainGroup = 075E1F45224A4C5F003FDCBA;
			productRefGroup = 075E1F4F224A4C5F003FDCBA /* Products */;
			projectDirPath = "";
			projectRoot = "";
			targets = (
				075E1F4D224A4C5F003FDCBA /* 001--RAC基本使用 */,
			);
		};
/* End PBXProject section */

/* Begin PBXResourcesBuildPhase section */
		075E1F4C224A4C5F003FDCBA /* Resources */ = {
			isa = PBXResourcesBuildPhase;
			buildActionMask = 2147483647;
			files = (
				075E1F5E224A4C61003FDCBA /* LaunchScreen.storyboard in Resources */,
				075E1F5B224A4C61003FDCBA /* Assets.xcassets in Resources */,
				075E1F68224A4C9A003FDCBA /* Podfile in Resources */,
				075E1F59224A4C5F003FDCBA /* Main.storyboard in Resources */,
			);
			runOnlyForDeploymentPostprocessing = 0;
		};
/* End PBXResourcesBuildPhase section */

/* Begin PBXShellScriptBuildPhase section */
		41EF5F5C01AF33CB22A67060 /* [CP] Check Pods Manifest.lock */ = {
			isa = PBXShellScriptBuildPhase;
			buildActionMask = 2147483647;
			files = (
			);
			inputFileListPaths = (
			);
			inputPaths = (
				"${PODS_PODFILE_DIR_PATH}/Podfile.lock",
				"${PODS_ROOT}/Manifest.lock",
			);
			name = "[CP] Check Pods Manifest.lock";
			outputFileListPaths = (
			);
			outputPaths = (
				"$(DERIVED_FILE_DIR)/Pods-001--RAC基本使用-checkManifestLockResult.txt",
			);
			runOnlyForDeploymentPostprocessing = 0;
			shellPath = /bin/sh;
			shellScript = "diff \"${PODS_PODFILE_DIR_PATH}/Podfile.lock\" \"${PODS_ROOT}/Manifest.lock\" > /dev/null\nif [ $? != 0 ] ; then\n    # print error to STDERR\n    echo \"error: The sandbox is not in sync with the Podfile.lock. Run 'pod install' or update your CocoaPods installation.\" >&2\n    exit 1\nfi\n# This output is used by Xcode 'outputs' to avoid re-running this script phase.\necho \"SUCCESS\" > \"${SCRIPT_OUTPUT_FILE_0}\"\n";
			showEnvVarsInLog = 0;
		};
/* End PBXShellScriptBuildPhase section */

/* Begin PBXSourcesBuildPhase section */
		075E1F4A224A4C5F003FDCBA /* Sources */ = {
			isa = PBXSourcesBuildPhase;
			buildActionMask = 2147483647;
			files = (
				075E1F56224A4C5F003FDCBA /* ViewController.m in Sources */,
				075E1F61224A4C61003FDCBA /* main.m in Sources */,
				075E1F53224A4C5F003FDCBA /* AppDelegate.m in Sources */,
			);
			runOnlyForDeploymentPostprocessing = 0;
		};
/* End PBXSourcesBuildPhase section */

/* Begin PBXVariantGroup section */
		075E1F57224A4C5F003FDCBA /* Main.storyboard */ = {
			isa = PBXVariantGroup;
			children = (
				075E1F58224A4C5F003FDCBA /* Base */,
			);
			name = Main.storyboard;
			sourceTree = "<group>";
		};
		075E1F5C224A4C61003FDCBA /* LaunchScreen.storyboard */ = {
			isa = PBXVariantGroup;
			children = (
				075E1F5D224A4C61003FDCBA /* Base */,
			);
			name = LaunchScreen.storyboard;
			sourceTree = "<group>";
		};
/* End PBXVariantGroup section */

/* Begin XCBuildConfiguration section */
		075E1F62224A4C61003FDCBA /* Debug */ = {
			isa = XCBuildConfiguration;
			buildSettings = {
				ALWAYS_SEARCH_USER_PATHS = NO;
				CLANG_ANALYZER_NONNULL = YES;
				CLANG_ANALYZER_NUMBER_OBJECT_CONVERSION = YES_AGGRESSIVE;
				CLANG_CXX_LANGUAGE_STANDARD = "gnu++14";
				CLANG_CXX_LIBRARY = "libc++";
				CLANG_ENABLE_MODULES = YES;
				CLANG_ENABLE_OBJC_ARC = YES;
				CLANG_ENABLE_OBJC_WEAK = YES;
				CLANG_WARN_BLOCK_CAPTURE_AUTORELEASING = YES;
				CLANG_WARN_BOOL_CONVERSION = YES;
				CLANG_WARN_COMMA = YES;
				CLANG_WARN_CONSTANT_CONVERSION = YES;
				CLANG_WARN_DEPRECATED_OBJC_IMPLEMENTATIONS = YES;
				CLANG_WARN_DIRECT_OBJC_ISA_USAGE = YES_ERROR;
				CLANG_WARN_DOCUMENTATION_COMMENTS = YES;
				CLANG_WARN_EMPTY_BODY = YES;
				CLANG_WARN_ENUM_CONVERSION = YES;
				CLANG_WARN_INFINITE_RECURSION = YES;
				CLANG_WARN_INT_CONVERSION = YES;
				CLANG_WARN_NON_LITERAL_NULL_CONVERSION = YES;
				CLANG_WARN_OBJC_IMPLICIT_RETAIN_SELF = YES;
				CLANG_WARN_OBJC_LITERAL_CONVERSION = YES;
				CLANG_WARN_OBJC_ROOT_CLASS = YES_ERROR;
				CLANG_WARN_RANGE_LOOP_ANALYSIS = YES;
				CLANG_WARN_STRICT_PROTOTYPES = YES;
				CLANG_WARN_SUSPICIOUS_MOVE = YES;
				CLANG_WARN_UNGUARDED_AVAILABILITY = YES_AGGRESSIVE;
				CLANG_WARN_UNREACHABLE_CODE = YES;
				CLANG_WARN__DUPLICATE_METHOD_MATCH = YES;
				CODE_SIGN_IDENTITY = "iPhone Developer";
				COPY_PHASE_STRIP = NO;
				DEBUG_INFORMATION_FORMAT = dwarf;
				ENABLE_STRICT_OBJC_MSGSEND = YES;
				ENABLE_TESTABILITY = YES;
				GCC_C_LANGUAGE_STANDARD = gnu11;
				GCC_DYNAMIC_NO_PIC = NO;
				GCC_NO_COMMON_BLOCKS = YES;
				GCC_OPTIMIZATION_LEVEL = 0;
				GCC_PREPROCESSOR_DEFINITIONS = (
					"DEBUG=1",
					"$(inherited)",
				);
				GCC_WARN_64_TO_32_BIT_CONVERSION = YES;
				GCC_WARN_ABOUT_RETURN_TYPE = YES_ERROR;
				GCC_WARN_UNDECLARED_SELECTOR = YES;
				GCC_WARN_UNINITIALIZED_AUTOS = YES_AGGRESSIVE;
				GCC_WARN_UNUSED_FUNCTION = YES;
				GCC_WARN_UNUSED_VARIABLE = YES;
				IPHONEOS_DEPLOYMENT_TARGET = 12.0;
				MTL_ENABLE_DEBUG_INFO = INCLUDE_SOURCE;
				MTL_FAST_MATH = YES;
				ONLY_ACTIVE_ARCH = YES;
				SDKROOT = iphoneos;
			};
			name = Debug;
		};
		075E1F63224A4C62003FDCBA /* Release */ = {
			isa = XCBuildConfiguration;
			buildSettings = {
				ALWAYS_SEARCH_USER_PATHS = NO;
				CLANG_ANALYZER_NONNULL = YES;
				CLANG_ANALYZER_NUMBER_OBJECT_CONVERSION = YES_AGGRESSIVE;
				CLANG_CXX_LANGUAGE_STANDARD = "gnu++14";
				CLANG_CXX_LIBRARY = "libc++";
				CLANG_ENABLE_MODULES = YES;
				CLANG_ENABLE_OBJC_ARC = YES;
				CLANG_ENABLE_OBJC_WEAK = YES;
				CLANG_WARN_BLOCK_CAPTURE_AUTORELEASING = YES;
				CLANG_WARN_BOOL_CONVERSION = YES;
				CLANG_WARN_COMMA = YES;
				CLANG_WARN_CONSTANT_CONVERSION = YES;
				CLANG_WARN_DEPRECATED_OBJC_IMPLEMENTATIONS = YES;
				CLANG_WARN_DIRECT_OBJC_ISA_USAGE = YES_ERROR;
				CLANG_WARN_DOCUMENTATION_COMMENTS = YES;
				CLANG_WARN_EMPTY_BODY = YES;
				CLANG_WARN_ENUM_CONVERSION = YES;
				CLANG_WARN_INFINITE_RECURSION = YES;
				CLANG_WARN_INT_CONVERSION = YES;
				CLANG_WARN_NON_LITERAL_NULL_CONVERSION = YES;
				CLANG_WARN_OBJC_IMPLICIT_RETAIN_SELF = YES;
				CLANG_WARN_OBJC_LITERAL_CONVERSION = YES;
				CLANG_WARN_OBJC_ROOT_CLASS = YES_ERROR;
				CLANG_WARN_RANGE_LOOP_ANALYSIS = YES;
				CLANG_WARN_STRICT_PROTOTYPES = YES;
				CLANG_WARN_SUSPICIOUS_MOVE = YES;
				CLANG_WARN_UNGUARDED_AVAILABILITY = YES_AGGRESSIVE;
				CLANG_WARN_UNREACHABLE_CODE = YES;
				CLANG_WARN__DUPLICATE_METHOD_MATCH = YES;
				CODE_SIGN_IDENTITY = "iPhone Developer";
				COPY_PHASE_STRIP = NO;
				DEBUG_INFORMATION_FORMAT = "dwarf-with-dsym";
				ENABLE_NS_ASSERTIONS = NO;
				ENABLE_STRICT_OBJC_MSGSEND = YES;
				GCC_C_LANGUAGE_STANDARD = gnu11;
				GCC_NO_COMMON_BLOCKS = YES;
				GCC_WARN_64_TO_32_BIT_CONVERSION = YES;
				GCC_WARN_ABOUT_RETURN_TYPE = YES_ERROR;
				GCC_WARN_UNDECLARED_SELECTOR = YES;
				GCC_WARN_UNINITIALIZED_AUTOS = YES_AGGRESSIVE;
				GCC_WARN_UNUSED_FUNCTION = YES;
				GCC_WARN_UNUSED_VARIABLE = YES;
				IPHONEOS_DEPLOYMENT_TARGET = 12.0;
				MTL_ENABLE_DEBUG_INFO = NO;
				MTL_FAST_MATH = YES;
				SDKROOT = iphoneos;
				VALIDATE_PRODUCT = YES;
			};
			name = Release;
		};
		075E1F65224A4C62003FDCBA /* Debug */ = {
			isa = XCBuildConfiguration;
			baseConfigurationReference = EC2F9A7891AC07BF7A708C2D /* Pods-001--RAC基本使用.debug.xcconfig */;
			buildSettings = {
				ASSETCATALOG_COMPILER_APPICON_NAME = AppIcon;
				CODE_SIGN_STYLE = Automatic;
				DEVELOPMENT_TEAM = U5LAHK8PW6;
				INFOPLIST_FILE = "001--RAC基本使用/Info.plist";
				LD_RUNPATH_SEARCH_PATHS = (
					"$(inherited)",
					"@executable_path/Frameworks",
				);
				PRODUCT_BUNDLE_IDENTIFIER = "com.logic.-01--RAC----";
				PRODUCT_NAME = "$(TARGET_NAME)";
				TARGETED_DEVICE_FAMILY = "1,2";
			};
			name = Debug;
		};
		075E1F66224A4C62003FDCBA /* Release */ = {
			isa = XCBuildConfiguration;
			baseConfigurationReference = 7DEAF25C848608060DF0C4B9 /* Pods-001--RAC基本使用.release.xcconfig */;
			buildSettings = {
				ASSETCATALOG_COMPILER_APPICON_NAME = AppIcon;
				CODE_SIGN_STYLE = Automatic;
				DEVELOPMENT_TEAM = U5LAHK8PW6;
				INFOPLIST_FILE = "001--RAC基本使用/Info.plist";
				LD_RUNPATH_SEARCH_PATHS = (
					"$(inherited)",
					"@executable_path/Frameworks",
				);
				PRODUCT_BUNDLE_IDENTIFIER = "com.logic.-01--RAC----";
				PRODUCT_NAME = "$(TARGET_NAME)";
				TARGETED_DEVICE_FAMILY = "1,2";
			};
			name = Release;
		};
/* End XCBuildConfiguration section */

/* Begin XCConfigurationList section */
		075E1F49224A4C5F003FDCBA /* Build configuration list for PBXProject "001--RAC基本使用" */ = {
			isa = XCConfigurationList;
			buildConfigurations = (
				075E1F62224A4C61003FDCBA /* Debug */,
				075E1F63224A4C62003FDCBA /* Release */,
			);
			defaultConfigurationIsVisible = 0;
			defaultConfigurationName = Release;
		};
		075E1F64224A4C62003FDCBA /* Build configuration list for PBXNativeTarget "001--RAC基本使用" */ = {
			isa = XCConfigurationList;
			buildConfigurations = (
				075E1F65224A4C62003FDCBA /* Debug */,
				075E1F66224A4C62003FDCBA /* Release */,
			);
			defaultConfigurationIsVisible = 0;
			defaultConfigurationName = Release;
		};
/* End XCConfigurationList section */
	};
	rootObject = 075E1F46224A4C5F003FDCBA /* Project object */;
}
